
Microsoft Visual Studio Solution File, Format Version 12.00
# Visual Studio Version 16
VisualStudioVersion = 16.0.31129.286
MinimumVisualStudioVersion = 10.0.40219.1
Project("{FAE04EC0-301F-11D3-BF4B-00C04F79EFBC}") = "DuraDriveRider.Android", "DuraDriveRider.Android\DuraDriveRider.Android.csproj", "{550410FE-5420-44A6-A33C-A6A9D8EAC5A1}"
EndProject
Project("{FAE04EC0-301F-11D3-BF4B-00C04F79EFBC}") = "DuraDriveRider.iOS", "DuraDriveRider.iOS\DuraDriveRider.iOS.csproj", "{34D92CC4-CADE-429E-9348-9F4856F5DD30}"
EndProject
Project("{FAE04EC0-301F-11D3-BF4B-00C04F79EFBC}") = "DuraDriveRider", "DuraDriveRider\DuraDriveRider.csproj", "{A898EAB1-1DF9-4FB3-BEC0-A445960CA9C5}"
EndProject
Global
	GlobalSection(SolutionConfigurationPlatforms) = preSolution
		Debug|Any CPU = Debug|Any CPU
		Debug|iPhone = Debug|iPhone
		Debug|iPhoneSimulator = Debug|iPhoneSimulator
		Release|Any CPU = Release|Any CPU
		Release|iPhone = Release|iPhone
		Release|iPhoneSimulator = Release|iPhoneSimulator
	EndGlobalSection
	GlobalSection(ProjectConfigurationPlatforms) = postSolution
		{550410FE-5420-44A6-A33C-A6A9D8EAC5A1}.Debug|Any CPU.ActiveCfg = Debug|Any CPU
		{550410FE-5420-44A6-A33C-A6A9D8EAC5A1}.Debug|Any CPU.Build.0 = Debug|Any CPU
		{550410FE-5420-44A6-A33C-A6A9D8EAC5A1}.Debug|Any CPU.Deploy.0 = Debug|Any CPU
		{550410FE-5420-44A6-A33C-A6A9D8EAC5A1}.Debug|iPhone.ActiveCfg = Debug|Any CPU
		{550410FE-5420-44A6-A33C-A6A9D8EAC5A1}.Debug|iPhone.Build.0 = Debug|Any CPU
		{550410FE-5420-44A6-A33C-A6A9D8EAC5A1}.Debug|iPhone.Deploy.0 = Debug|Any CPU
		{550410FE-5420-44A6-A33C-A6A9D8EAC5A1}.Debug|iPhoneSimulator.ActiveCfg = Debug|Any CPU
		{550410FE-5420-44A6-A33C-A6A9D8EAC5A1}.Debug|iPhoneSimulator.Build.0 = Debug|Any CPU
		{550410FE-5420-44A6-A33C-A6A9D8EAC5A1}.Debug|iPhoneSimulator.Deploy.0 = Debug|Any CPU
		{550410FE-5420-44A6-A33C-A6A9D8EAC5A1}.Release|Any CPU.ActiveCfg = Release|Any CPU
		{550410FE-5420-44A6-A33C-A6A9D8EAC5A1}.Release|Any CPU.Build.0 = Release|Any CPU
		{550410FE-5420-44A6-A33C-A6A9D8EAC5A1}.Release|Any CPU.Deploy.0 = Release|Any CPU
		{550410FE-5420-44A6-A33C-A6A9D8EAC5A1}.Release|iPhone.ActiveCfg = Release|Any CPU
		{550410FE-5420-44A6-A33C-A6A9D8EAC5A1}.Release|iPhone.Build.0 = Release|Any CPU
		{550410FE-5420-44A6-A33C-A6A9D8EAC5A1}.Release|iPhone.Deploy.0 = Release|Any CPU
		{550410FE-5420-44A6-A33C-A6A9D8EAC5A1}.Release|iPhoneSimulator.ActiveCfg = Release|Any CPU
		{550410FE-5420-44A6-A33C-A6A9D8EAC5A1}.Release|iPhoneSimulator.Build.0 = Release|Any CPU
		{550410FE-5420-44A6-A33C-A6A9D8EAC5A1}.Release|iPhoneSimulator.Deploy.0 = Release|Any CPU
		{34D92CC4-CADE-429E-9348-9F4856F5DD30}.Debug|Any CPU.ActiveCfg = Debug|iPhone
		{34D92CC4-CADE-429E-9348-9F4856F5DD30}.Debug|Any CPU.Build.0 = Debug|iPhone
		{34D92CC4-CADE-429E-9348-9F4856F5DD30}.Debug|Any CPU.Deploy.0 = Debug|iPhone
		{34D92CC4-CADE-429E-9348-9F4856F5DD30}.Debug|iPhone.ActiveCfg = Debug|iPhone
		{34D92CC4-CADE-429E-9348-9F4856F5DD30}.Debug|iPhone.Build.0 = Debug|iPhone
		{34D92CC4-CADE-429E-9348-9F4856F5DD30}.Debug|iPhone.Deploy.0 = Debug|iPhone
		{34D92CC4-CADE-429E-9348-9F4856F5DD30}.Debug|iPhoneSimulator.ActiveCfg = Debug|iPhoneSimulator
		{34D92CC4-CADE-429E-9348-9F4856F5DD30}.Debug|iPhoneSimulator.Build.0 = Debug|iPhoneSimulator
		{34D92CC4-CADE-429E-9348-9F4856F5DD30}.Debug|iPhoneSimulator.Deploy.0 = Debug|iPhoneSimulator
		{34D92CC4-CADE-429E-9348-9F4856F5DD30}.Release|Any CPU.ActiveCfg = Release|iPhoneSimulator
		{34D92CC4-CADE-429E-9348-9F4856F5DD30}.Release|Any CPU.Build.0 = Release|iPhoneSimulator
		{34D92CC4-CADE-429E-9348-9F4856F5DD30}.Release|Any CPU.Deploy.0 = Release|iPhoneSimulator
		{34D92CC4-CADE-429E-9348-9F4856F5DD30}.Release|iPhone.ActiveCfg = Release|iPhone
		{34D92CC4-CADE-429E-9348-9F4856F5DD30}.Release|iPhone.Build.0 = Release|iPhone
		{34D92CC4-CADE-429E-9348-9F4856F5DD30}.Release|iPhone.Deploy.0 = Release|iPhone
		{34D92CC4-CADE-429E-9348-9F4856F5DD30}.Release|iPhoneSimulator.ActiveCfg = Release|iPhoneSimulator
		{34D92CC4-CADE-429E-9348-9F4856F5DD30}.Release|iPhoneSimulator.Build.0 = Release|iPhoneSimulator
		{34D92CC4-CADE-429E-9348-9F4856F5DD30}.Release|iPhoneSimulator.Deploy.0 = Release|iPhoneSimulator
		{A898EAB1-1DF9-4FB3-BEC0-A445960CA9C5}.Debug|Any CPU.ActiveCfg = Debug|Any CPU
		{A898EAB1-1DF9-4FB3-BEC0-A445960CA9C5}.Debug|Any CPU.Build.0 = Debug|Any CPU
		{A898EAB1-1DF9-4FB3-BEC0-A445960CA9C5}.Debug|Any CPU.Deploy.0 = Debug|Any CPU
		{A898EAB1-1DF9-4FB3-BEC0-A445960CA9C5}.Debug|iPhone.ActiveCfg = Debug|Any CPU
		{A898EAB1-1DF9-4FB3-BEC0-A445960CA9C5}.Debug|iPhone.Build.0 = Debug|Any CPU
		{A898EAB1-1DF9-4FB3-BEC0-A445960CA9C5}.Debug|iPhone.Deploy.0 = Debug|Any CPU
		{A898EAB1-1DF9-4FB3-BEC0-A445960CA9C5}.Debug|iPhoneSimulator.ActiveCfg = Debug|Any CPU
		{A898EAB1-1DF9-4FB3-BEC0-A445960CA9C5}.Debug|iPhoneSimulator.Build.0 = Debug|Any CPU
		{A898EAB1-1DF9-4FB3-BEC0-A445960CA9C5}.Debug|iPhoneSimulator.Deploy.0 = Debug|Any CPU
		{A898EAB1-1DF9-4FB3-BEC0-A445960CA9C5}.Release|Any CPU.ActiveCfg = Release|Any CPU
		{A898EAB1-1DF9-4FB3-BEC0-A445960CA9C5}.Release|Any CPU.Build.0 = Release|Any CPU
		{A898EAB1-1DF9-4FB3-BEC0-A445960CA9C5}.Release|Any CPU.Deploy.0 = Release|Any CPU
		{A898EAB1-1DF9-4FB3-BEC0-A445960CA9C5}.Release|iPhone.ActiveCfg = Release|Any CPU
		{A898EAB1-1DF9-4FB3-BEC0-A445960CA9C5}.Release|iPhone.Build.0 = Release|Any CPU
		{A898EAB1-1DF9-4FB3-BEC0-A445960CA9C5}.Release|iPhone.Deploy.0 = Release|Any CPU
		{A898EAB1-1DF9-4FB3-BEC0-A445960CA9C5}.Release|iPhoneSimulator.ActiveCfg = Release|Any CPU
		{A898EAB1-1DF9-4FB3-BEC0-A445960CA9C5}.Release|iPhoneSimulator.Build.0 = Release|Any CPU
		{A898EAB1-1DF9-4FB3-BEC0-A445960CA9C5}.Release|iPhoneSimulator.Deploy.0 = Release|Any CPU
	EndGlobalSection
	GlobalSection(SolutionProperties) = preSolution
		HideSolutionNode = FALSE
	EndGlobalSection
	GlobalSection(ExtensibilityGlobals) = postSolution
		SolutionGuid = {10056371-EFED-435D-9841-D16C5FCD7B2F}
	EndGlobalSection
EndGlobal
